
Microsoft Visual Studio Solution File, Format Version 12.00
# Visual Studio Version 17
VisualStudioVersion = 17.5.002.0
MinimumVisualStudioVersion = 10.0.40219.1
Project("{9A19103F-16F7-4668-BE54-9A1E7A4F7556}") = "MediatR-Sample", "MediatR-Sample.csproj", "{965EB2C5-E734-4245-A00D-187DE48913D4}"
EndProject
Global
	GlobalSection(SolutionConfigurationPlatforms) = preSolution
		Debug|Any CPU = Debug|Any CPU
		Release|Any CPU = Release|Any CPU
	EndGlobalSection
	GlobalSection(ProjectConfigurationPlatforms) = postSolution
		{965EB2C5-E734-4245-A00D-187DE48913D4}.Debug|Any CPU.ActiveCfg = Debug|Any CPU
		{965EB2C5-E734-4245-A00D-187DE48913D4}.Debug|Any CPU.Build.0 = Debug|Any CPU
		{965EB2C5-E734-4245-A00D-187DE48913D4}.Release|Any CPU.ActiveCfg = Release|Any CPU
		{965EB2C5-E734-4245-A00D-187DE48913D4}.Release|Any CPU.Build.0 = Release|Any CPU
	EndGlobalSection
	GlobalSection(SolutionProperties) = preSolution
		HideSolutionNode = FALSE
	EndGlobalSection
	GlobalSection(ExtensibilityGlobals) = postSolution
		SolutionGuid = {917C8E69-F0DA-4B33-A14D-1AB560298E9B}
	EndGlobalSection
EndGlobal
